{
    "_readme": [
        "This file locks the dependencies of your project to a known state",
        "Read more about it at https://getcomposer.org/doc/01-basic-usage.md#composer-lock-the-lock-file",
        "This file is @generated automatically"
    ],
    "content-hash": "d1ad2e0abeb0ce02f6901a8d01be33ff",
    "packages": [
        {
            "name": "workerman/channel",
            "version": "v1.0.3",
            "source": {
                "type": "git",
                "url": "https://github.com/walkor/Channel.git",
                "reference": "1425baf00f6342bfee89b726326225a8b6a8ea80"
            },
            "dist": {
                "type": "zip",
                "url": "https://api.github.com/repos/walkor/Channel/zipball/1425baf00f6342bfee89b726326225a8b6a8ea80",
                "reference": "1425baf00f6342bfee89b726326225a8b6a8ea80",
                "shasum": ""
            },
            "require": {
                "workerman/workerman": ">=3.3.0"
            },
            "type": "project",
            "autoload": {
                "psr-4": {
                    "Channel\\": "./src"
                }
            },
            "notification-url": "https://packagist.org/downloads/",
            "license": [
                "MIT"
            ],
            "homepage": "http://www.workerman.net",
            "time": "2016-04-07T07:26:43+00:00"
        },
        {
            "name": "workerman/phpsocket.io",
            "version": "v1.1.8",
            "source": {
                "type": "git",
                "url": "https://github.com/walkor/phpsocket.io.git",
                "reference": "d9ab179bb2c0f2ccf8f224e0bf093b5b59323e01"
            },
            "dist": {
                "type": "zip",
                "url": "https://api.github.com/repos/walkor/phpsocket.io/zipball/d9ab179bb2c0f2ccf8f224e0bf093b5b59323e01",
                "reference": "d9ab179bb2c0f2ccf8f224e0bf093b5b59323e01",
                "shasum": ""
            },
            "require": {
                "workerman/channel": ">=1.0.0",
                "workerman/workerman": ">=3.1.8"
            },
            "type": "library",
            "autoload": {
                "psr-4": {
                    "PHPSocketIO\\": "./src"
                }
            },
            "notification-url": "https://packagist.org/downloads/",
            "license": [
                "MIT"
            ],
            "homepage": "http://www.workerman.net",
            "keywords": [
                "Socket.io"
            ],
            "time": "2018-04-10T02:38:11+00:00"
        },
        {
            "name": "workerman/workerman",
            "version": "v3.5.6",
            "source": {
                "type": "git",
                "url": "https://github.com/walkor/Workerman.git",
                "reference": "46a77574a5ca39def6dec51ddf350cf50daab309"
            },
            "dist": {
                "type": "zip",
                "url": "https://api.github.com/repos/walkor/Workerman/zipball/46a77574a5ca39def6dec51ddf350cf50daab309",
                "reference": "46a77574a5ca39def6dec51ddf350cf50daab309",
                "shasum": ""
            },
            "require": {
                "php": ">=5.3"
            },
            "suggest": {
                "ext-event": "For better performance. "
            },
            "type": "library",
            "autoload": {
                "psr-4": {
                    "Workerman\\": "./"
                }
            },
            "notification-url": "https://packagist.org/downloads/",
            "license": [
                "MIT"
            ],
            "authors": [
                {
                    "name": "walkor",
                    "email": "walkor@workerman.net",
                    "homepage": "http://www.workerman.net",
                    "role": "Developer"
                }
            ],
            "description": "An asynchronous event driven PHP framework for easily building fast, scalable network applications.",
            "homepage": "http://www.workerman.net",
            "keywords": [
                "asynchronous",
                "event-loop"
            ],
            "time": "2018-04-11T11:25:52+00:00"
        }
    ],
    "packages-dev": [],
    "aliases": [],
    "minimum-stability": "stable",
    "stability-flags": [],
    "prefer-stable": false,
    "prefer-lowest": false,
    "platform": [],
    "platform-dev": []
}
